
Microsoft Visual Studio Solution File, Format Version 12.00
# Visual Studio Version 17
VisualStudioVersion = 17.13.35931.197
MinimumVisualStudioVersion = 10.0.40219.1
Project("{2150E333-8FDC-42A3-9474-1A3956D46DE8}") = "EadFacil.Api", "EadFacil.Api", "{C952FA07-1B55-434C-A457-E443C8FC32D6}"
EndProject
Project("{2150E333-8FDC-42A3-9474-1A3956D46DE8}") = "EadFacil.Core", "EadFacil.Core", "{08F0C78D-2CB5-4EC2-A851-E8DB1D9DB9A3}"
EndProject
Project("{FAE04EC0-301F-11D3-BF4B-00C04F79EFBC}") = "EadFacil.Core", "src\EadFacil.Core\EadFacil.Core.csproj", "{3C95E5CB-4B3B-4E1A-84F4-EA0ECD5BAAA7}"
EndProject
Project("{2150E333-8FDC-42A3-9474-1A3956D46DE8}") = "EadFacil.BC", "EadFacil.BC", "{1876A99C-747E-4265-8331-EF9DD2CA1BC3}"
EndProject
Project("{2150E333-8FDC-42A3-9474-1A3956D46DE8}") = "EadFacil.BC.Conteudo", "EadFacil.BC.Conteudo", "{E7C0CE7B-8FBB-4FAF-8F9B-B7C08EF2BF59}"
EndProject
Project("{2150E333-8FDC-42A3-9474-1A3956D46DE8}") = "EadFacil.BC.GestaoAluno", "EadFacil.BC.GestaoAluno", "{5796DEBF-B345-4FDD-BA94-B642B1A81467}"
EndProject
Project("{2150E333-8FDC-42A3-9474-1A3956D46DE8}") = "EadFacil.BC.Financeiro", "EadFacil.BC.Financeiro", "{0F383B9E-482F-45CB-B6EF-3F3356B37124}"
EndProject
Project("{FAE04EC0-301F-11D3-BF4B-00C04F79EFBC}") = "EadFacil.BC.Conteudo.Application", "src\EadFacil.BC.Conteudo.Application\EadFacil.BC.Conteudo.Application.csproj", "{DC23B8C4-1CF6-43D5-B670-024327CF176B}"
EndProject
Project("{FAE04EC0-301F-11D3-BF4B-00C04F79EFBC}") = "EadFacil.BC.Conteudo.Domain", "src\EadFacil.BC.Conteudo.Domain\EadFacil.BC.Conteudo.Domain.csproj", "{5143DDB4-22DE-4EA7-A288-D0A1835C044E}"
EndProject
Project("{2150E333-8FDC-42A3-9474-1A3956D46DE8}") = "Tests", "Tests", "{6C809055-5621-444E-B7A7-0608F6EE8526}"
EndProject
Project("{FAE04EC0-301F-11D3-BF4B-00C04F79EFBC}") = "EadFacil.BC.Conteudo.Domain.Tests", "src\EadFacil.BC.Conteudo.Domain.Tests\EadFacil.BC.Conteudo.Domain.Tests.csproj", "{3923DB26-8CB9-46A7-A825-2BE8501FB0C5}"
EndProject
Project("{2150E333-8FDC-42A3-9474-1A3956D46DE8}") = "Solution Docs", "Solution Docs", "{1343635E-A2FD-4CE9-9DDF-DF07824E4EED}"
	ProjectSection(SolutionItems) = preProject
		FEEDBACK.MD = FEEDBACK.MD
		README.md = README.md
		..\docs\Projeto-Terceiro-Modulo-Mba-DevXpert.pdf = ..\docs\Projeto-Terceiro-Modulo-Mba-DevXpert.pdf
	EndProjectSection
EndProject
Project("{FAE04EC0-301F-11D3-BF4B-00C04F79EFBC}") = "EadFacil.BC.Conteudo.Data", "src\EadFacil.BC.Conteudo.Data\EadFacil.BC.Conteudo.Data.csproj", "{3770A582-F1EE-48A4-ACEE-F585FB6A5F04}"
EndProject
Project("{FAE04EC0-301F-11D3-BF4B-00C04F79EFBC}") = "EadFacil.Api", "src\EadFacil.Api\EadFacil.Api.csproj", "{AC4380AF-4748-4D10-B17C-D9993C211AF7}"
EndProject
Project("{FAE04EC0-301F-11D3-BF4B-00C04F79EFBC}") = "EadFacil.BC.GestaoAluno.Application", "src\EadFacil.BC.GestaoAluno.Application\EadFacil.BC.GestaoAluno.Application.csproj", "{816C29FD-D847-4799-ADD6-D21A7C6B977C}"
EndProject
Project("{FAE04EC0-301F-11D3-BF4B-00C04F79EFBC}") = "EadFacil.BC.GestaoAluno.Data", "EadFacil.BC.GestaoAluno.Data\EadFacil.BC.GestaoAluno.Data.csproj", "{3F8B0C1B-8B59-4FE1-B8B7-A6DAAB15E28A}"
EndProject
Project("{FAE04EC0-301F-11D3-BF4B-00C04F79EFBC}") = "EadFacil.BC.GestaoAluno.Domain", "EadFacil.BC.GestaoAluno.Domain\EadFacil.BC.GestaoAluno.Domain.csproj", "{0CC3BB3F-B759-4305-82C8-ED0381148656}"
EndProject
Global
	GlobalSection(SolutionConfigurationPlatforms) = preSolution
		Debug|Any CPU = Debug|Any CPU
		Release|Any CPU = Release|Any CPU
	EndGlobalSection
	GlobalSection(ProjectConfigurationPlatforms) = postSolution
		{3C95E5CB-4B3B-4E1A-84F4-EA0ECD5BAAA7}.Debug|Any CPU.ActiveCfg = Debug|Any CPU
		{3C95E5CB-4B3B-4E1A-84F4-EA0ECD5BAAA7}.Debug|Any CPU.Build.0 = Debug|Any CPU
		{3C95E5CB-4B3B-4E1A-84F4-EA0ECD5BAAA7}.Release|Any CPU.ActiveCfg = Release|Any CPU
		{3C95E5CB-4B3B-4E1A-84F4-EA0ECD5BAAA7}.Release|Any CPU.Build.0 = Release|Any CPU
		{DC23B8C4-1CF6-43D5-B670-024327CF176B}.Debug|Any CPU.ActiveCfg = Debug|Any CPU
		{DC23B8C4-1CF6-43D5-B670-024327CF176B}.Debug|Any CPU.Build.0 = Debug|Any CPU
		{DC23B8C4-1CF6-43D5-B670-024327CF176B}.Release|Any CPU.ActiveCfg = Release|Any CPU
		{DC23B8C4-1CF6-43D5-B670-024327CF176B}.Release|Any CPU.Build.0 = Release|Any CPU
		{5143DDB4-22DE-4EA7-A288-D0A1835C044E}.Debug|Any CPU.ActiveCfg = Debug|Any CPU
		{5143DDB4-22DE-4EA7-A288-D0A1835C044E}.Debug|Any CPU.Build.0 = Debug|Any CPU
		{5143DDB4-22DE-4EA7-A288-D0A1835C044E}.Release|Any CPU.ActiveCfg = Release|Any CPU
		{5143DDB4-22DE-4EA7-A288-D0A1835C044E}.Release|Any CPU.Build.0 = Release|Any CPU
		{3923DB26-8CB9-46A7-A825-2BE8501FB0C5}.Debug|Any CPU.ActiveCfg = Debug|Any CPU
		{3923DB26-8CB9-46A7-A825-2BE8501FB0C5}.Debug|Any CPU.Build.0 = Debug|Any CPU
		{3923DB26-8CB9-46A7-A825-2BE8501FB0C5}.Release|Any CPU.ActiveCfg = Release|Any CPU
		{3923DB26-8CB9-46A7-A825-2BE8501FB0C5}.Release|Any CPU.Build.0 = Release|Any CPU
		{3770A582-F1EE-48A4-ACEE-F585FB6A5F04}.Debug|Any CPU.ActiveCfg = Debug|Any CPU
		{3770A582-F1EE-48A4-ACEE-F585FB6A5F04}.Debug|Any CPU.Build.0 = Debug|Any CPU
		{3770A582-F1EE-48A4-ACEE-F585FB6A5F04}.Release|Any CPU.ActiveCfg = Release|Any CPU
		{3770A582-F1EE-48A4-ACEE-F585FB6A5F04}.Release|Any CPU.Build.0 = Release|Any CPU
		{AC4380AF-4748-4D10-B17C-D9993C211AF7}.Debug|Any CPU.ActiveCfg = Debug|Any CPU
		{AC4380AF-4748-4D10-B17C-D9993C211AF7}.Debug|Any CPU.Build.0 = Debug|Any CPU
		{AC4380AF-4748-4D10-B17C-D9993C211AF7}.Release|Any CPU.ActiveCfg = Release|Any CPU
		{AC4380AF-4748-4D10-B17C-D9993C211AF7}.Release|Any CPU.Build.0 = Release|Any CPU
		{816C29FD-D847-4799-ADD6-D21A7C6B977C}.Debug|Any CPU.ActiveCfg = Debug|Any CPU
		{816C29FD-D847-4799-ADD6-D21A7C6B977C}.Debug|Any CPU.Build.0 = Debug|Any CPU
		{816C29FD-D847-4799-ADD6-D21A7C6B977C}.Release|Any CPU.ActiveCfg = Release|Any CPU
		{816C29FD-D847-4799-ADD6-D21A7C6B977C}.Release|Any CPU.Build.0 = Release|Any CPU
		{3F8B0C1B-8B59-4FE1-B8B7-A6DAAB15E28A}.Debug|Any CPU.ActiveCfg = Debug|Any CPU
		{3F8B0C1B-8B59-4FE1-B8B7-A6DAAB15E28A}.Debug|Any CPU.Build.0 = Debug|Any CPU
		{3F8B0C1B-8B59-4FE1-B8B7-A6DAAB15E28A}.Release|Any CPU.ActiveCfg = Release|Any CPU
		{3F8B0C1B-8B59-4FE1-B8B7-A6DAAB15E28A}.Release|Any CPU.Build.0 = Release|Any CPU
		{0CC3BB3F-B759-4305-82C8-ED0381148656}.Debug|Any CPU.ActiveCfg = Debug|Any CPU
		{0CC3BB3F-B759-4305-82C8-ED0381148656}.Debug|Any CPU.Build.0 = Debug|Any CPU
		{0CC3BB3F-B759-4305-82C8-ED0381148656}.Release|Any CPU.ActiveCfg = Release|Any CPU
		{0CC3BB3F-B759-4305-82C8-ED0381148656}.Release|Any CPU.Build.0 = Release|Any CPU
	EndGlobalSection
	GlobalSection(SolutionProperties) = preSolution
		HideSolutionNode = FALSE
	EndGlobalSection
	GlobalSection(NestedProjects) = preSolution
		{3C95E5CB-4B3B-4E1A-84F4-EA0ECD5BAAA7} = {08F0C78D-2CB5-4EC2-A851-E8DB1D9DB9A3}
		{E7C0CE7B-8FBB-4FAF-8F9B-B7C08EF2BF59} = {1876A99C-747E-4265-8331-EF9DD2CA1BC3}
		{5796DEBF-B345-4FDD-BA94-B642B1A81467} = {1876A99C-747E-4265-8331-EF9DD2CA1BC3}
		{0F383B9E-482F-45CB-B6EF-3F3356B37124} = {1876A99C-747E-4265-8331-EF9DD2CA1BC3}
		{DC23B8C4-1CF6-43D5-B670-024327CF176B} = {E7C0CE7B-8FBB-4FAF-8F9B-B7C08EF2BF59}
		{5143DDB4-22DE-4EA7-A288-D0A1835C044E} = {E7C0CE7B-8FBB-4FAF-8F9B-B7C08EF2BF59}
		{3923DB26-8CB9-46A7-A825-2BE8501FB0C5} = {6C809055-5621-444E-B7A7-0608F6EE8526}
		{3770A582-F1EE-48A4-ACEE-F585FB6A5F04} = {E7C0CE7B-8FBB-4FAF-8F9B-B7C08EF2BF59}
		{AC4380AF-4748-4D10-B17C-D9993C211AF7} = {C952FA07-1B55-434C-A457-E443C8FC32D6}
		{816C29FD-D847-4799-ADD6-D21A7C6B977C} = {5796DEBF-B345-4FDD-BA94-B642B1A81467}
		{3F8B0C1B-8B59-4FE1-B8B7-A6DAAB15E28A} = {5796DEBF-B345-4FDD-BA94-B642B1A81467}
		{0CC3BB3F-B759-4305-82C8-ED0381148656} = {5796DEBF-B345-4FDD-BA94-B642B1A81467}
	EndGlobalSection
EndGlobal
